<Solution>
  <Configurations>
    <Platform Name="Any CPU" />
    <Platform Name="x64" />
    <Platform Name="x86" />
  </Configurations>
  <Project Path="ProjectBrain.Api/ProjectBrain.Api.csproj" />
  <Project Path="ProjectBrain.AppHost/ProjectBrain.AppHost.csproj" />
  <Project Path="ProjectBrain.Database/ProjectBrain.Database.csproj" />
  <Project Path="ProjectBrain.ServiceDefaults/ProjectBrain.ServiceDefaults.csproj" />
</Solution>
